# THIS IS AN AUTOGENERATED FILE. DO NOT EDIT THIS FILE DIRECTLY.
# yarn lockfile v1


"@actions/core@^1.10.1":
  version "1.10.1"
  resolved "https://registry.yarnpkg.com/@actions/core/-/core-1.10.1.tgz#61108e7ac40acae95ee36da074fa5850ca4ced8a"
  integrity sha512-3lBR9EDAY+iYIpTnTIXmWcNbX3T2kCkAEQGIQx4NVQ0575nk2k3GRZDTPQG+vVtS2izSLmINlxXf0uLtnrTP+g==
  dependencies:
    "@actions/http-client" "^2.0.1"
    uuid "^8.3.2"

"@actions/http-client@^2.0.1":
  version "2.2.3"
  resolved "https://registry.yarnpkg.com/@actions/http-client/-/http-client-2.2.3.tgz#31fc0b25c0e665754ed39a9f19a8611fc6dab674"
  integrity sha512-mx8hyJi/hjFvbPokCg4uRd4ZX78t+YyRPtnKWwIl+RzNaVuFpQHfmlGVfsKEJN8LwTCvL+DfVgAM04XaHkm6bA==
  dependencies:
    tunnel "^0.0.6"
    undici "^5.25.4"

"@fastify/busboy@^2.0.0":
  version "2.1.1"
  resolved "https://registry.yarnpkg.com/@fastify/busboy/-/busboy-2.1.1.tgz#b9da6a878a371829a0502c9b6c1c143ef6663f4d"
  integrity sha512-vBZP4NlzfOlerQTnba4aqZoMhE/a9HY7HRqoOPaETQcSQuWEIyZMHGfVu6w9wGtGK5fED5qRs2DteVCjOH60sA==

"@octokit/app@^15.0.0":
  version "15.1.0"
  resolved "https://registry.yarnpkg.com/@octokit/app/-/app-15.1.0.tgz#b330d8826be088ec8d1d43a59dc27ef57d1232b2"
  integrity sha512-TkBr7QgOmE6ORxvIAhDbZsqPkF7RSqTY4pLTtUQCvr6dTXqvi2fFo46q3h1lxlk/sGMQjqyZ0kEahkD/NyzOHg==
  dependencies:
    "@octokit/auth-app" "^7.0.0"
    "@octokit/auth-unauthenticated" "^6.0.0"
    "@octokit/core" "^6.1.2"
    "@octokit/oauth-app" "^7.0.0"
    "@octokit/plugin-paginate-rest" "^11.0.0"
    "@octokit/types" "^13.0.0"
    "@octokit/webhooks" "^13.0.0"

"@octokit/auth-app@^7.0.0":
  version "7.1.1"
  resolved "https://registry.yarnpkg.com/@octokit/auth-app/-/auth-app-7.1.1.tgz#d8916ad01e6ffb0a0a50507aa613e91fe7a49b93"
  integrity sha512-kRAd6yelV9OgvlEJE88H0VLlQdZcag9UlLr7dV0YYP37X8PPDvhgiTy66QVhDXdyoT0AleFN2w/qXkPdrSzINg==
  dependencies:
    "@octokit/auth-oauth-app" "^8.1.0"
    "@octokit/auth-oauth-user" "^5.1.0"
    "@octokit/request" "^9.1.1"
    "@octokit/request-error" "^6.1.1"
    "@octokit/types" "^13.4.1"
    lru-cache "^10.0.0"
    universal-github-app-jwt "^2.2.0"
    universal-user-agent "^7.0.0"

"@octokit/auth-oauth-app@^8.0.0", "@octokit/auth-oauth-app@^8.1.0":
  version "8.1.1"
  resolved "https://registry.yarnpkg.com/@octokit/auth-oauth-app/-/auth-oauth-app-8.1.1.tgz#6204affa6e86f535016799cadf2af9befe5e893c"
  integrity sha512-5UtmxXAvU2wfcHIPPDWzVSAWXVJzG3NWsxb7zCFplCWEmMCArSZV0UQu5jw5goLQXbFyOr5onzEH37UJB3zQQg==
  dependencies:
    "@octokit/auth-oauth-device" "^7.0.0"
    "@octokit/auth-oauth-user" "^5.0.1"
    "@octokit/request" "^9.0.0"
    "@octokit/types" "^13.0.0"
    universal-user-agent "^7.0.0"

"@octokit/auth-oauth-device@^7.0.0", "@octokit/auth-oauth-device@^7.0.1":
  version "7.1.1"
  resolved "https://registry.yarnpkg.com/@octokit/auth-oauth-device/-/auth-oauth-device-7.1.1.tgz#7b4f8f97cbcadbe9894d48cde4406dbdef39875a"
  integrity sha512-HWl8lYueHonuyjrKKIup/1tiy0xcmQCdq5ikvMO1YwkNNkxb6DXfrPjrMYItNLyCP/o2H87WuijuE+SlBTT8eg==
  dependencies:
    "@octokit/oauth-methods" "^5.0.0"
    "@octokit/request" "^9.0.0"
    "@octokit/types" "^13.0.0"
    universal-user-agent "^7.0.0"

"@octokit/auth-oauth-user@^5.0.1", "@octokit/auth-oauth-user@^5.1.0":
  version "5.1.1"
  resolved "https://registry.yarnpkg.com/@octokit/auth-oauth-user/-/auth-oauth-user-5.1.1.tgz#4f1570c6ee15bb9ddc3dcca83308dcaa159e3848"
  integrity sha512-rRkMz0ErOppdvEfnemHJXgZ9vTPhBuC6yASeFaB7I2yLMd7QpjfrL1mnvRPlyKo+M6eeLxrKanXJ9Qte29SRsw==
  dependencies:
    "@octokit/auth-oauth-device" "^7.0.1"
    "@octokit/oauth-methods" "^5.0.0"
    "@octokit/request" "^9.0.1"
    "@octokit/types" "^13.0.0"
    universal-user-agent "^7.0.0"

"@octokit/auth-token@^5.0.0":
  version "5.1.1"
  resolved "https://registry.yarnpkg.com/@octokit/auth-token/-/auth-token-5.1.1.tgz#3bbfe905111332a17f72d80bd0b51a3e2fa2cf07"
  integrity sha512-rh3G3wDO8J9wSjfI436JUKzHIxq8NaiL0tVeB2aXmG6p/9859aUOAjA9pmSPNGGZxfwmaJ9ozOJImuNVJdpvbA==

"@octokit/auth-unauthenticated@^6.0.0", "@octokit/auth-unauthenticated@^6.0.0-beta.1":
  version "6.1.0"
  resolved "https://registry.yarnpkg.com/@octokit/auth-unauthenticated/-/auth-unauthenticated-6.1.0.tgz#de0fe923bb06ed93aea526ab99972a98c546d0bf"
  integrity sha512-zPSmfrUAcspZH/lOFQnVnvjQZsIvmfApQH6GzJrkIunDooU1Su2qt2FfMTSVPRp7WLTQyC20Kd55lF+mIYaohQ==
  dependencies:
    "@octokit/request-error" "^6.0.1"
    "@octokit/types" "^13.0.0"

"@octokit/core@^6.0.0", "@octokit/core@^6.1.2":
  version "6.1.2"
  resolved "https://registry.yarnpkg.com/@octokit/core/-/core-6.1.2.tgz#20442d0a97c411612da206411e356014d1d1bd17"
  integrity sha512-hEb7Ma4cGJGEUNOAVmyfdB/3WirWMg5hDuNFVejGEDFqupeOysLc2sG6HJxY2etBp5YQu5Wtxwi020jS9xlUwg==
  dependencies:
    "@octokit/auth-token" "^5.0.0"
    "@octokit/graphql" "^8.0.0"
    "@octokit/request" "^9.0.0"
    "@octokit/request-error" "^6.0.1"
    "@octokit/types" "^13.0.0"
    before-after-hook "^3.0.2"
    universal-user-agent "^7.0.0"

"@octokit/endpoint@^10.0.0":
  version "10.1.1"
  resolved "https://registry.yarnpkg.com/@octokit/endpoint/-/endpoint-10.1.1.tgz#1a9694e7aef6aa9d854dc78dd062945945869bcc"
  integrity sha512-JYjh5rMOwXMJyUpj028cu0Gbp7qe/ihxfJMLc8VZBMMqSwLgOxDI1911gV4Enl1QSavAQNJcwmwBF9M0VvLh6Q==
  dependencies:
    "@octokit/types" "^13.0.0"
    universal-user-agent "^7.0.2"

"@octokit/graphql@^8.0.0":
  version "8.1.1"
  resolved "https://registry.yarnpkg.com/@octokit/graphql/-/graphql-8.1.1.tgz#3cacab5f2e55d91c733e3bf481d3a3f8a5f639c4"
  integrity sha512-ukiRmuHTi6ebQx/HFRCXKbDlOh/7xEV6QUXaE7MJEKGNAncGI/STSbOkl12qVXZrfZdpXctx5O9X1AIaebiDBg==
  dependencies:
    "@octokit/request" "^9.0.0"
    "@octokit/types" "^13.0.0"
    universal-user-agent "^7.0.0"

"@octokit/oauth-app@^7.0.0":
  version "7.1.3"
  resolved "https://registry.yarnpkg.com/@octokit/oauth-app/-/oauth-app-7.1.3.tgz#a0f256dd185e7c00bfbc3e6bc3c5aad66e42c609"
  integrity sha512-EHXbOpBkSGVVGF1W+NLMmsnSsJRkcrnVmDKt0TQYRBb6xWfWzoi9sBD4DIqZ8jGhOWO/V8t4fqFyJ4vDQDn9bg==
  dependencies:
    "@octokit/auth-oauth-app" "^8.0.0"
    "@octokit/auth-oauth-user" "^5.0.1"
    "@octokit/auth-unauthenticated" "^6.0.0-beta.1"
    "@octokit/core" "^6.0.0"
    "@octokit/oauth-authorization-url" "^7.0.0"
    "@octokit/oauth-methods" "^5.0.0"
    "@types/aws-lambda" "^8.10.83"
    universal-user-agent "^7.0.0"

"@octokit/oauth-authorization-url@^7.0.0":
  version "7.1.1"
  resolved "https://registry.yarnpkg.com/@octokit/oauth-authorization-url/-/oauth-authorization-url-7.1.1.tgz#0e17c2225eb66b58ec902d02b6f1315ffe9ff04b"
  integrity sha512-ooXV8GBSabSWyhLUowlMIVd9l1s2nsOGQdlP2SQ4LnkEsGXzeCvbSbCPdZThXhEFzleGPwbapT0Sb+YhXRyjCA==

"@octokit/oauth-methods@^5.0.0":
  version "5.1.2"
  resolved "https://registry.yarnpkg.com/@octokit/oauth-methods/-/oauth-methods-5.1.2.tgz#fd31d2a69f4c91d1abc1ed1814dda5252c697e02"
  integrity sha512-C5lglRD+sBlbrhCUTxgJAFjWgJlmTx5bQ7Ch0+2uqRjYv7Cfb5xpX4WuSC9UgQna3sqRGBL9EImX9PvTpMaQ7g==
  dependencies:
    "@octokit/oauth-authorization-url" "^7.0.0"
    "@octokit/request" "^9.1.0"
    "@octokit/request-error" "^6.1.0"
    "@octokit/types" "^13.0.0"

"@octokit/openapi-types@^22.2.0":
  version "22.2.0"
  resolved "https://registry.yarnpkg.com/@octokit/openapi-types/-/openapi-types-22.2.0.tgz#75aa7dcd440821d99def6a60b5f014207ae4968e"
  integrity sha512-QBhVjcUa9W7Wwhm6DBFu6ZZ+1/t/oYxqc2tp81Pi41YNuJinbFRx8B133qVOrAaBbF7D/m0Et6f9/pZt9Rc+tg==

"@octokit/openapi-webhooks-types@8.3.0":
  version "8.3.0"
  resolved "https://registry.yarnpkg.com/@octokit/openapi-webhooks-types/-/openapi-webhooks-types-8.3.0.tgz#a7a4da00c0f27f7f5708eb3fcebefa08f8d51125"
  integrity sha512-vKLsoR4xQxg4Z+6rU/F65ItTUz/EXbD+j/d4mlq2GW8TsA4Tc8Kdma2JTAAJ5hrKWUQzkR/Esn2fjsqiVRYaQg==

"@octokit/plugin-paginate-graphql@^5.0.0":
  version "5.2.3"
  resolved "https://registry.yarnpkg.com/@octokit/plugin-paginate-graphql/-/plugin-paginate-graphql-5.2.3.tgz#19882ff4694066b0937aea85b7e8eac512df4e9a"
  integrity sha512-EzFueuXVU3VHv5FwEXbdznn9EmyF0vA5LGDX6a8fJ9YJAlDgdYHRKJMO4Ghl2PPPJBxIPMDUJMnlUHqcvP7AnQ==

"@octokit/plugin-paginate-rest@^11.0.0":
  version "11.3.3"
  resolved "https://registry.yarnpkg.com/@octokit/plugin-paginate-rest/-/plugin-paginate-rest-11.3.3.tgz#efc97ba66aae6797e2807a082f99b9cfc0e05aba"
  integrity sha512-o4WRoOJZlKqEEgj+i9CpcmnByvtzoUYC6I8PD2SA95M+BJ2x8h7oLcVOg9qcowWXBOdcTRsMZiwvM3EyLm9AfA==
  dependencies:
    "@octokit/types" "^13.5.0"

"@octokit/plugin-rest-endpoint-methods@^13.0.0":
  version "13.2.4"
  resolved "https://registry.yarnpkg.com/@octokit/plugin-rest-endpoint-methods/-/plugin-rest-endpoint-methods-13.2.4.tgz#543add032d3fe3f5d2839bfd619cf66d85469f01"
  integrity sha512-gusyAVgTrPiuXOdfqOySMDztQHv6928PQ3E4dqVGEtOvRXAKRbJR4b1zQyniIT9waqaWk/UDaoJ2dyPr7Bk7Iw==
  dependencies:
    "@octokit/types" "^13.5.0"

"@octokit/plugin-retry@^7.0.0":
  version "7.1.2"
  resolved "https://registry.yarnpkg.com/@octokit/plugin-retry/-/plugin-retry-7.1.2.tgz#242e2d19a72a50b5113bb25d7d2c622ce0373fa0"
  integrity sha512-XOWnPpH2kJ5VTwozsxGurw+svB2e61aWlmk5EVIYZPwFK5F9h4cyPyj9CIKRyMXMHSwpIsI3mPOdpMmrRhe7UQ==
  dependencies:
    "@octokit/request-error" "^6.0.0"
    "@octokit/types" "^13.0.0"
    bottleneck "^2.15.3"

"@octokit/plugin-throttling@^9.0.0":
  version "9.3.1"
  resolved "https://registry.yarnpkg.com/@octokit/plugin-throttling/-/plugin-throttling-9.3.1.tgz#5648165e1e70e861625f3a16af6c55cafe861061"
  integrity sha512-Qd91H4liUBhwLB2h6jZ99bsxoQdhgPk6TdwnClPyTBSDAdviGPceViEgUwj+pcQDmB/rfAXAXK7MTochpHM3yQ==
  dependencies:
    "@octokit/types" "^13.0.0"
    bottleneck "^2.15.3"

"@octokit/request-error@^6.0.0", "@octokit/request-error@^6.0.1", "@octokit/request-error@^6.1.0", "@octokit/request-error@^6.1.1":
  version "6.1.4"
  resolved "https://registry.yarnpkg.com/@octokit/request-error/-/request-error-6.1.4.tgz#ad96e29148d19edc2ba8009fc2b5a24a36c90f16"
  integrity sha512-VpAhIUxwhWZQImo/dWAN/NpPqqojR6PSLgLYAituLM6U+ddx9hCioFGwBr5Mi+oi5CLeJkcAs3gJ0PYYzU6wUg==
  dependencies:
    "@octokit/types" "^13.0.0"

"@octokit/request@^9.0.0", "@octokit/request@^9.0.1", "@octokit/request@^9.1.0", "@octokit/request@^9.1.1":
  version "9.1.3"
  resolved "https://registry.yarnpkg.com/@octokit/request/-/request-9.1.3.tgz#42b693bc06238f43af3c037ebfd35621c6457838"
  integrity sha512-V+TFhu5fdF3K58rs1pGUJIDH5RZLbZm5BI+MNF+6o/ssFNT4vWlCh/tVpF3NxGtP15HUxTTMUbsG5llAuU2CZA==
  dependencies:
    "@octokit/endpoint" "^10.0.0"
    "@octokit/request-error" "^6.0.1"
    "@octokit/types" "^13.1.0"
    universal-user-agent "^7.0.2"

"@octokit/types@^13.0.0", "@octokit/types@^13.1.0", "@octokit/types@^13.4.1", "@octokit/types@^13.5.0":
  version "13.5.0"
  resolved "https://registry.yarnpkg.com/@octokit/types/-/types-13.5.0.tgz#4796e56b7b267ebc7c921dcec262b3d5bfb18883"
  integrity sha512-HdqWTf5Z3qwDVlzCrP8UJquMwunpDiMPt5er+QjGzL4hqr/vBVY/MauQgS1xWxCDT1oMx1EULyqxncdCY/NVSQ==
  dependencies:
    "@octokit/openapi-types" "^22.2.0"

"@octokit/webhooks-methods@^5.0.0":
  version "5.1.0"
  resolved "https://registry.yarnpkg.com/@octokit/webhooks-methods/-/webhooks-methods-5.1.0.tgz#13b6c08f89902c1ab0ddf31c6eeeec9c2772cfe6"
  integrity sha512-yFZa3UH11VIxYnnoOYCVoJ3q4ChuSOk2IVBBQ0O3xtKX4x9bmKb/1t+Mxixv2iUhzMdOl1qeWJqEhouXXzB3rQ==

"@octokit/webhooks@^13.0.0":
  version "13.3.0"
  resolved "https://registry.yarnpkg.com/@octokit/webhooks/-/webhooks-13.3.0.tgz#fd5d54d47c789c75d60a00eb04e982152d7c654a"
  integrity sha512-TUkJLtI163Bz5+JK0O+zDkQpn4gKwN+BovclUvCj6pI/6RXrFqQvUMRS2M+Rt8Rv0qR3wjoMoOPmpJKeOh0nBg==
  dependencies:
    "@octokit/openapi-webhooks-types" "8.3.0"
    "@octokit/request-error" "^6.0.1"
    "@octokit/webhooks-methods" "^5.0.0"

"@types/aws-lambda@^8.10.83":
  version "8.10.145"
  resolved "https://registry.yarnpkg.com/@types/aws-lambda/-/aws-lambda-8.10.145.tgz#b2d31a987f4888e5553ff1819f57cafa475594d9"
  integrity sha512-dtByW6WiFk5W5Jfgz1VM+YPA21xMXTuSFoLYIDY0L44jDLLflVPtZkYuu3/YxpGcvjzKFBZLU+GyKjR0HOYtyw==

"@types/node@^22.5.5":
  version "22.5.5"
  resolved "https://registry.yarnpkg.com/@types/node/-/node-22.5.5.tgz#52f939dd0f65fc552a4ad0b392f3c466cc5d7a44"
  integrity sha512-Xjs4y5UPO/CLdzpgR6GirZJx36yScjh73+2NlLlkFRSoQN8B0DpfXPdZGnvVmLRLOsqDpOfTNv7D9trgGhmOIA==
  dependencies:
    undici-types "~6.19.2"

before-after-hook@^3.0.2:
  version "3.0.2"
  resolved "https://registry.yarnpkg.com/before-after-hook/-/before-after-hook-3.0.2.tgz#d5665a5fa8b62294a5aa0a499f933f4a1016195d"
  integrity sha512-Nik3Sc0ncrMK4UUdXQmAnRtzmNQTAAXmXIopizwZ1W1t8QmfJj+zL4OA2I7XPTPW5z5TDqv4hRo/JzouDJnX3A==

bottleneck@^2.15.3:
  version "2.19.5"
  resolved "https://registry.yarnpkg.com/bottleneck/-/bottleneck-2.19.5.tgz#5df0b90f59fd47656ebe63c78a98419205cadd91"
  integrity sha512-VHiNCbI1lKdl44tGrhNfU3lup0Tj/ZBMJB5/2ZbNXRCPuRCO7ed2mgcK4r17y+KB2EfuYuRaVlwNbAeaWGSpbw==

lru-cache@^10.0.0:
  version "10.4.3"
  resolved "https://registry.yarnpkg.com/lru-cache/-/lru-cache-10.4.3.tgz#410fc8a17b70e598013df257c2446b7f3383f119"
  integrity sha512-JNAzZcXrCt42VGLuYz0zfAzDfAvJWW6AfYlDBQyDV5DClI2m5sAmK+OIO7s59XfsRsWHp02jAJrRadPRGTt6SQ==

octokit@^4.0.2:
  version "4.0.2"
  resolved "https://registry.yarnpkg.com/octokit/-/octokit-4.0.2.tgz#775d68d363cdaec69d7b73d3dc82ae909d30f59b"
  integrity sha512-wbqF4uc1YbcldtiBFfkSnquHtECEIpYD78YUXI6ri1Im5OO2NLo6ZVpRdbJpdnpZ05zMrVPssNiEo6JQtea+Qg==
  dependencies:
    "@octokit/app" "^15.0.0"
    "@octokit/core" "^6.0.0"
    "@octokit/oauth-app" "^7.0.0"
    "@octokit/plugin-paginate-graphql" "^5.0.0"
    "@octokit/plugin-paginate-rest" "^11.0.0"
    "@octokit/plugin-rest-endpoint-methods" "^13.0.0"
    "@octokit/plugin-retry" "^7.0.0"
    "@octokit/plugin-throttling" "^9.0.0"
    "@octokit/request-error" "^6.0.0"
    "@octokit/types" "^13.0.0"

tunnel@^0.0.6:
  version "0.0.6"
  resolved "https://registry.yarnpkg.com/tunnel/-/tunnel-0.0.6.tgz#72f1314b34a5b192db012324df2cc587ca47f92c"
  integrity sha512-1h/Lnq9yajKY2PEbBadPXj3VxsDDu844OnaAo52UVmIzIvwwtBPIuNvkjuzBlTWpfJyUbG3ez0KSBibQkj4ojg==

undici-types@~6.19.2:
  version "6.19.8"
  resolved "https://registry.yarnpkg.com/undici-types/-/undici-types-6.19.8.tgz#35111c9d1437ab83a7cdc0abae2f26d88eda0a02"
  integrity sha512-ve2KP6f/JnbPBFyobGHuerC9g1FYGn/F8n1LWTwNxCEzd6IfqTwUQcNXgEtmmQ6DlRrC1hrSrBnCZPokRrDHjw==

undici@^5.25.4:
  version "5.28.4"
  resolved "https://registry.yarnpkg.com/undici/-/undici-5.28.4.tgz#6b280408edb6a1a604a9b20340f45b422e373068"
  integrity sha512-72RFADWFqKmUb2hmmvNODKL3p9hcB6Gt2DOQMis1SEBaV6a4MH8soBvzg+95CYhCKPFedut2JY9bMfrDl9D23g==
  dependencies:
    "@fastify/busboy" "^2.0.0"

universal-github-app-jwt@^2.2.0:
  version "2.2.0"
  resolved "https://registry.yarnpkg.com/universal-github-app-jwt/-/universal-github-app-jwt-2.2.0.tgz#dc6c8929e76f1996a766ba2a08fb420f73365d77"
  integrity sha512-G5o6f95b5BggDGuUfKDApKaCgNYy2x7OdHY0zSMF081O0EJobw+1130VONhrA7ezGSV2FNOGyM+KQpQZAr9bIQ==

universal-user-agent@^7.0.0, universal-user-agent@^7.0.2:
  version "7.0.2"
  resolved "https://registry.yarnpkg.com/universal-user-agent/-/universal-user-agent-7.0.2.tgz#52e7d0e9b3dc4df06cc33cb2b9fd79041a54827e"
  integrity sha512-0JCqzSKnStlRRQfCdowvqy3cy0Dvtlb8xecj/H8JFZuCze4rwjPZQOgvFvn0Ws/usCHQFGpyr+pB9adaGwXn4Q==

uuid@^8.3.2:
  version "8.3.2"
  resolved "https://registry.yarnpkg.com/uuid/-/uuid-8.3.2.tgz#80d5b5ced271bb9af6c445f21a1a04c606cefbe2"
  integrity sha512-+NYs2QeMWy+GWFOEm9xnn6HCDp0l7QBD7ml8zLUmJ+93Q5NF0NocErnwkTkXVFNiX3/fpC6afS8Dhb/gz7R7eg==
